
Microsoft Visual Studio Solution File, Format Version 12.00
# Visual Studio Version 17
VisualStudioVersion = 17.13.35919.96 d17.13
MinimumVisualStudioVersion = 10.0.40219.1
Project("{FAE04EC0-301F-11D3-BF4B-00C04F79EFBC}") = "programacion1", "programacion1\programacion1.csproj", "{9E567A98-8972-4BE4-9725-FCECD33BDADC}"
EndProject
Global
	GlobalSection(SolutionConfigurationPlatforms) = preSolution
		Debug|Any CPU = Debug|Any CPU
		Release|Any CPU = Release|Any CPU
	EndGlobalSection
	GlobalSection(ProjectConfigurationPlatforms) = postSolution
		{9E567A98-8972-4BE4-9725-FCECD33BDADC}.Debug|Any CPU.ActiveCfg = Debug|Any CPU
		{9E567A98-8972-4BE4-9725-FCECD33BDADC}.Debug|Any CPU.Build.0 = Debug|Any CPU
		{9E567A98-8972-4BE4-9725-FCECD33BDADC}.Release|Any CPU.ActiveCfg = Release|Any CPU
		{9E567A98-8972-4BE4-9725-FCECD33BDADC}.Release|Any CPU.Build.0 = Release|Any CPU
	EndGlobalSection
	GlobalSection(SolutionProperties) = preSolution
		HideSolutionNode = FALSE
	EndGlobalSection
	GlobalSection(ExtensibilityGlobals) = postSolution
		SolutionGuid = {AC33613C-18E8-4CF8-A0D2-51650BABDF24}
	EndGlobalSection
EndGlobal
